
Microsoft Visual Studio Solution File, Format Version 12.00
# Visual Studio 15
VisualStudioVersion = 15.0.28010.2019
MinimumVisualStudioVersion = 10.0.40219.1
Project("{FAE04EC0-301F-11D3-BF4B-00C04F79EFBC}") = "ProxiesAndInterceptors", "ProxiesAndInterceptors\ProxiesAndInterceptors.csproj", "{AD48FB56-BF5F-4746-825A-60C4FAD43BF8}"
EndProject
Project("{FAE04EC0-301F-11D3-BF4B-00C04F79EFBC}") = "ProxyDemo", "ProxyDemo\ProxyDemo.csproj", "{44846678-1494-4E59-A2B3-DC725A81BE6F}"
EndProject
Global
	GlobalSection(SolutionConfigurationPlatforms) = preSolution
		Debug|Any CPU = Debug|Any CPU
		Release|Any CPU = Release|Any CPU
	EndGlobalSection
	GlobalSection(ProjectConfigurationPlatforms) = postSolution
		{AD48FB56-BF5F-4746-825A-60C4FAD43BF8}.Debug|Any CPU.ActiveCfg = Debug|Any CPU
		{AD48FB56-BF5F-4746-825A-60C4FAD43BF8}.Debug|Any CPU.Build.0 = Debug|Any CPU
		{AD48FB56-BF5F-4746-825A-60C4FAD43BF8}.Release|Any CPU.ActiveCfg = Release|Any CPU
		{AD48FB56-BF5F-4746-825A-60C4FAD43BF8}.Release|Any CPU.Build.0 = Release|Any CPU
		{44846678-1494-4E59-A2B3-DC725A81BE6F}.Debug|Any CPU.ActiveCfg = Debug|Any CPU
		{44846678-1494-4E59-A2B3-DC725A81BE6F}.Debug|Any CPU.Build.0 = Debug|Any CPU
		{44846678-1494-4E59-A2B3-DC725A81BE6F}.Release|Any CPU.ActiveCfg = Release|Any CPU
		{44846678-1494-4E59-A2B3-DC725A81BE6F}.Release|Any CPU.Build.0 = Release|Any CPU
	EndGlobalSection
	GlobalSection(SolutionProperties) = preSolution
		HideSolutionNode = FALSE
	EndGlobalSection
	GlobalSection(ExtensibilityGlobals) = postSolution
		SolutionGuid = {98D85C13-5524-46E5-B4E4-9773948875DA}
	EndGlobalSection
EndGlobal
